
Microsoft Visual Studio Solution File, Format Version 12.00
# Visual Studio Version 17
VisualStudioVersion = 17.8.34309.116
MinimumVisualStudioVersion = 10.0.40219.1
Project("{FAE04EC0-301F-11D3-BF4B-00C04F79EFBC}") = "Training-1", "Training-1\Training-1.csproj", "{787AECBF-9192-4BE0-A8C8-70E0A245F13F}"
EndProject
Global
	GlobalSection(SolutionConfigurationPlatforms) = preSolution
		Debug|Any CPU = Debug|Any CPU
		Release|Any CPU = Release|Any CPU
	EndGlobalSection
	GlobalSection(ProjectConfigurationPlatforms) = postSolution
		{787AECBF-9192-4BE0-A8C8-70E0A245F13F}.Debug|Any CPU.ActiveCfg = Debug|Any CPU
		{787AECBF-9192-4BE0-A8C8-70E0A245F13F}.Debug|Any CPU.Build.0 = Debug|Any CPU
		{787AECBF-9192-4BE0-A8C8-70E0A245F13F}.Release|Any CPU.ActiveCfg = Release|Any CPU
		{787AECBF-9192-4BE0-A8C8-70E0A245F13F}.Release|Any CPU.Build.0 = Release|Any CPU
	EndGlobalSection
	GlobalSection(SolutionProperties) = preSolution
		HideSolutionNode = FALSE
	EndGlobalSection
	GlobalSection(ExtensibilityGlobals) = postSolution
		SolutionGuid = {0A70BFF0-D7D8-48FD-B714-BE0BA48584F7}
	EndGlobalSection
EndGlobal
